{
  "name": "decimal-to-words",
  "version": "1.0.4",
  "lockfileVersion": 2,
  "requires": true,
  "packages": {
    "": {
      "name": "decimal-to-words",
      "version": "1.0.4",
      "license": "ISC",
      "dependencies": {
        "number-to-words": "^1.2.4"
      },
      "devDependencies": {
        "typescript": "^5.4.5"
      }
    },
    "node_modules/number-to-words": {
      "version": "1.2.4",
      "resolved": "https://registry.npmjs.org/number-to-words/-/number-to-words-1.2.4.tgz",
      "integrity": "sha512-/fYevVkXRcyBiZDg6yzZbm0RuaD6i0qRfn8yr+6D0KgBMOndFPxuW10qCHpzs50nN8qKuv78k8MuotZhcVX6Pw=="
    },
    "node_modules/typescript": {
      "version": "5.4.5",
      "resolved": "https://registry.npmjs.org/typescript/-/typescript-5.4.5.tgz",
      "integrity": "sha512-vcI4UpRgg81oIRUFwR0WSIHKt11nJ7SAVlYNIu+QpqeyXP+gpQJy/Z4+F0aGxSE4MqwjyXvW/TzgkLAx2AGHwQ==",
      "dev": true,
      "bin": {
        "tsc": "bin/tsc",
        "tsserver": "bin/tsserver"
      },
      "engines": {
        "node": ">=14.17"
      }
    }
  },
  "dependencies": {
    "number-to-words": {
      "version": "1.2.4",
      "resolved": "https://registry.npmjs.org/number-to-words/-/number-to-words-1.2.4.tgz",
      "integrity": "sha512-/fYevVkXRcyBiZDg6yzZbm0RuaD6i0qRfn8yr+6D0KgBMOndFPxuW10qCHpzs50nN8qKuv78k8MuotZhcVX6Pw=="
    },
    "typescript": {
      "version": "5.4.5",
      "resolved": "https://registry.npmjs.org/typescript/-/typescript-5.4.5.tgz",
      "integrity": "sha512-vcI4UpRgg81oIRUFwR0WSIHKt11nJ7SAVlYNIu+QpqeyXP+gpQJy/Z4+F0aGxSE4MqwjyXvW/TzgkLAx2AGHwQ==",
      "dev": true
    }
  }
}
