# THIS IS AN AUTOGENERATED FILE. DO NOT EDIT THIS FILE DIRECTLY.
# yarn lockfile v1


to-words@^3.1.0:
  version "3.7.0"
  resolved "https://registry.yarnpkg.com/to-words/-/to-words-3.7.0.tgz#c188490c006fbc7a31040b356a46578d7242a67a"
  integrity sha512-7w5oGChC+WVhM4Yb2BO259rvdkv9AcMR9pK/h6ZYyZj40zNpgVfocEG36dKevty+5gMZNtpDqTeRrfZ1YBH6/g==

typescript@^4.0.0:
  version "4.9.5"
  resolved "https://registry.yarnpkg.com/typescript/-/typescript-4.9.5.tgz#095979f9bcc0d09da324d58d03ce8f8374cbe65a"
  integrity sha512-1FXk9E2Hm+QzZQ7z+McJiHL4NW1F2EzMu9Nq9i3zAaGqibafqYwCVU6WyWAuyQRRzOlxou8xZSyXLEN8oKj24g==
